
Microsoft Visual Studio Solution File, Format Version 12.00
# Visual Studio Version 16
VisualStudioVersion = 16.0.30517.126
MinimumVisualStudioVersion = 10.0.40219.1
Project("{FAE04EC0-301F-11D3-BF4B-00C04F79EFBC}") = "SnakeOOP", "SnakeOOP\SnakeOOP.csproj", "{0720EB37-CDC7-4D3F-8E25-5CE3B5EB7DCD}"
EndProject
Global
	GlobalSection(SolutionConfigurationPlatforms) = preSolution
		Debug|Any CPU = Debug|Any CPU
		Release|Any CPU = Release|Any CPU
	EndGlobalSection
	GlobalSection(ProjectConfigurationPlatforms) = postSolution
		{0720EB37-CDC7-4D3F-8E25-5CE3B5EB7DCD}.Debug|Any CPU.ActiveCfg = Debug|Any CPU
		{0720EB37-CDC7-4D3F-8E25-5CE3B5EB7DCD}.Debug|Any CPU.Build.0 = Debug|Any CPU
		{0720EB37-CDC7-4D3F-8E25-5CE3B5EB7DCD}.Release|Any CPU.ActiveCfg = Release|Any CPU
		{0720EB37-CDC7-4D3F-8E25-5CE3B5EB7DCD}.Release|Any CPU.Build.0 = Release|Any CPU
	EndGlobalSection
	GlobalSection(SolutionProperties) = preSolution
		HideSolutionNode = FALSE
	EndGlobalSection
	GlobalSection(ExtensibilityGlobals) = postSolution
		SolutionGuid = {0258DD2E-5CA2-41DE-A04D-99C68B414364}
	EndGlobalSection
EndGlobal
